
Microsoft Visual Studio Solution File, Format Version 12.00
# Visual Studio Version 17
VisualStudioVersion = 17.0.31903.59
MinimumVisualStudioVersion = 10.0.40219.1
Project("{2150E333-8FDC-42A3-9474-1A3956D46DE8}") = "src", "src", "{827E0CD3-B72D-47B6-A68D-7590B98EB39B}"
EndProject
Project("{FAE04EC0-301F-11D3-BF4B-00C04F79EFBC}") = "SchoolERP.Domain", "src\SchoolERP.Domain\SchoolERP.Domain.csproj", "{4F3C4AE1-AFDB-44B7-8B2C-309AC880D34B}"
EndProject
Project("{FAE04EC0-301F-11D3-BF4B-00C04F79EFBC}") = "SchoolERP.Application", "src\SchoolERP.Application\SchoolERP.Application.csproj", "{A6697BB5-294B-4402-82E6-8C9D3455BD2B}"
EndProject
Project("{FAE04EC0-301F-11D3-BF4B-00C04F79EFBC}") = "SchoolERP.Infrastructure", "src\SchoolERP.Infrastructure\SchoolERP.Infrastructure.csproj", "{41717367-9774-40E0-AE3F-1AEF37473B21}"
EndProject
Project("{FAE04EC0-301F-11D3-BF4B-00C04F79EFBC}") = "SchoolERP.Api", "src\SchoolERP.Api\SchoolERP.Api.csproj", "{FF2AD9A8-9B7F-424D-B483-C640F202B6C9}"
EndProject
Project("{2150E333-8FDC-42A3-9474-1A3956D46DE8}") = "tests", "tests", "{0AB3BF05-4346-4AA6-1389-037BE0695223}"
EndProject
Project("{FAE04EC0-301F-11D3-BF4B-00C04F79EFBC}") = "SchoolERP.Domain.Tests", "tests\SchoolERP.Domain.Tests\SchoolERP.Domain.Tests.csproj", "{47359BEF-DF46-484E-9820-7DE36493D821}"
EndProject
Project("{FAE04EC0-301F-11D3-BF4B-00C04F79EFBC}") = "SchoolERP.Application.Tests", "tests\SchoolERP.Application.Tests\SchoolERP.Application.Tests.csproj", "{603CD578-5ACB-4406-BCD7-1DDF01CB8FD0}"
EndProject
Project("{FAE04EC0-301F-11D3-BF4B-00C04F79EFBC}") = "SchoolERP.Integration.Tests", "tests\SchoolERP.Integration.Tests\SchoolERP.Integration.Tests.csproj", "{6DDF5182-0D10-4C96-882A-15C0CF2146D0}"
EndProject
Global
	GlobalSection(SolutionConfigurationPlatforms) = preSolution
		Debug|Any CPU = Debug|Any CPU
		Debug|x64 = Debug|x64
		Debug|x86 = Debug|x86
		Release|Any CPU = Release|Any CPU
		Release|x64 = Release|x64
		Release|x86 = Release|x86
	EndGlobalSection
	GlobalSection(ProjectConfigurationPlatforms) = postSolution
		{4F3C4AE1-AFDB-44B7-8B2C-309AC880D34B}.Debug|Any CPU.ActiveCfg = Debug|Any CPU
		{4F3C4AE1-AFDB-44B7-8B2C-309AC880D34B}.Debug|Any CPU.Build.0 = Debug|Any CPU
		{4F3C4AE1-AFDB-44B7-8B2C-309AC880D34B}.Debug|x64.ActiveCfg = Debug|Any CPU
		{4F3C4AE1-AFDB-44B7-8B2C-309AC880D34B}.Debug|x64.Build.0 = Debug|Any CPU
		{4F3C4AE1-AFDB-44B7-8B2C-309AC880D34B}.Debug|x86.ActiveCfg = Debug|Any CPU
		{4F3C4AE1-AFDB-44B7-8B2C-309AC880D34B}.Debug|x86.Build.0 = Debug|Any CPU
		{4F3C4AE1-AFDB-44B7-8B2C-309AC880D34B}.Release|Any CPU.ActiveCfg = Release|Any CPU
		{4F3C4AE1-AFDB-44B7-8B2C-309AC880D34B}.Release|Any CPU.Build.0 = Release|Any CPU
		{4F3C4AE1-AFDB-44B7-8B2C-309AC880D34B}.Release|x64.ActiveCfg = Release|Any CPU
		{4F3C4AE1-AFDB-44B7-8B2C-309AC880D34B}.Release|x64.Build.0 = Release|Any CPU
		{4F3C4AE1-AFDB-44B7-8B2C-309AC880D34B}.Release|x86.ActiveCfg = Release|Any CPU
		{4F3C4AE1-AFDB-44B7-8B2C-309AC880D34B}.Release|x86.Build.0 = Release|Any CPU
		{A6697BB5-294B-4402-82E6-8C9D3455BD2B}.Debug|Any CPU.ActiveCfg = Debug|Any CPU
		{A6697BB5-294B-4402-82E6-8C9D3455BD2B}.Debug|Any CPU.Build.0 = Debug|Any CPU
		{A6697BB5-294B-4402-82E6-8C9D3455BD2B}.Debug|x64.ActiveCfg = Debug|Any CPU
		{A6697BB5-294B-4402-82E6-8C9D3455BD2B}.Debug|x64.Build.0 = Debug|Any CPU
		{A6697BB5-294B-4402-82E6-8C9D3455BD2B}.Debug|x86.ActiveCfg = Debug|Any CPU
		{A6697BB5-294B-4402-82E6-8C9D3455BD2B}.Debug|x86.Build.0 = Debug|Any CPU
		{A6697BB5-294B-4402-82E6-8C9D3455BD2B}.Release|Any CPU.ActiveCfg = Release|Any CPU
		{A6697BB5-294B-4402-82E6-8C9D3455BD2B}.Release|Any CPU.Build.0 = Release|Any CPU
		{A6697BB5-294B-4402-82E6-8C9D3455BD2B}.Release|x64.ActiveCfg = Release|Any CPU
		{A6697BB5-294B-4402-82E6-8C9D3455BD2B}.Release|x64.Build.0 = Release|Any CPU
		{A6697BB5-294B-4402-82E6-8C9D3455BD2B}.Release|x86.ActiveCfg = Release|Any CPU
		{A6697BB5-294B-4402-82E6-8C9D3455BD2B}.Release|x86.Build.0 = Release|Any CPU
		{41717367-9774-40E0-AE3F-1AEF37473B21}.Debug|Any CPU.ActiveCfg = Debug|Any CPU
		{41717367-9774-40E0-AE3F-1AEF37473B21}.Debug|Any CPU.Build.0 = Debug|Any CPU
		{41717367-9774-40E0-AE3F-1AEF37473B21}.Debug|x64.ActiveCfg = Debug|Any CPU
		{41717367-9774-40E0-AE3F-1AEF37473B21}.Debug|x64.Build.0 = Debug|Any CPU
		{41717367-9774-40E0-AE3F-1AEF37473B21}.Debug|x86.ActiveCfg = Debug|Any CPU
		{41717367-9774-40E0-AE3F-1AEF37473B21}.Debug|x86.Build.0 = Debug|Any CPU
		{41717367-9774-40E0-AE3F-1AEF37473B21}.Release|Any CPU.ActiveCfg = Release|Any CPU
		{41717367-9774-40E0-AE3F-1AEF37473B21}.Release|Any CPU.Build.0 = Release|Any CPU
		{41717367-9774-40E0-AE3F-1AEF37473B21}.Release|x64.ActiveCfg = Release|Any CPU
		{41717367-9774-40E0-AE3F-1AEF37473B21}.Release|x64.Build.0 = Release|Any CPU
		{41717367-9774-40E0-AE3F-1AEF37473B21}.Release|x86.ActiveCfg = Release|Any CPU
		{41717367-9774-40E0-AE3F-1AEF37473B21}.Release|x86.Build.0 = Release|Any CPU
		{FF2AD9A8-9B7F-424D-B483-C640F202B6C9}.Debug|Any CPU.ActiveCfg = Debug|Any CPU
		{FF2AD9A8-9B7F-424D-B483-C640F202B6C9}.Debug|Any CPU.Build.0 = Debug|Any CPU
		{FF2AD9A8-9B7F-424D-B483-C640F202B6C9}.Debug|x64.ActiveCfg = Debug|Any CPU
		{FF2AD9A8-9B7F-424D-B483-C640F202B6C9}.Debug|x64.Build.0 = Debug|Any CPU
		{FF2AD9A8-9B7F-424D-B483-C640F202B6C9}.Debug|x86.ActiveCfg = Debug|Any CPU
		{FF2AD9A8-9B7F-424D-B483-C640F202B6C9}.Debug|x86.Build.0 = Debug|Any CPU
		{FF2AD9A8-9B7F-424D-B483-C640F202B6C9}.Release|Any CPU.ActiveCfg = Release|Any CPU
		{FF2AD9A8-9B7F-424D-B483-C640F202B6C9}.Release|Any CPU.Build.0 = Release|Any CPU
		{FF2AD9A8-9B7F-424D-B483-C640F202B6C9}.Release|x64.ActiveCfg = Release|Any CPU
		{FF2AD9A8-9B7F-424D-B483-C640F202B6C9}.Release|x64.Build.0 = Release|Any CPU
		{FF2AD9A8-9B7F-424D-B483-C640F202B6C9}.Release|x86.ActiveCfg = Release|Any CPU
		{FF2AD9A8-9B7F-424D-B483-C640F202B6C9}.Release|x86.Build.0 = Release|Any CPU
		{47359BEF-DF46-484E-9820-7DE36493D821}.Debug|Any CPU.ActiveCfg = Debug|Any CPU
		{47359BEF-DF46-484E-9820-7DE36493D821}.Debug|Any CPU.Build.0 = Debug|Any CPU
		{47359BEF-DF46-484E-9820-7DE36493D821}.Debug|x64.ActiveCfg = Debug|Any CPU
		{47359BEF-DF46-484E-9820-7DE36493D821}.Debug|x64.Build.0 = Debug|Any CPU
		{47359BEF-DF46-484E-9820-7DE36493D821}.Debug|x86.ActiveCfg = Debug|Any CPU
		{47359BEF-DF46-484E-9820-7DE36493D821}.Debug|x86.Build.0 = Debug|Any CPU
		{47359BEF-DF46-484E-9820-7DE36493D821}.Release|Any CPU.ActiveCfg = Release|Any CPU
		{47359BEF-DF46-484E-9820-7DE36493D821}.Release|Any CPU.Build.0 = Release|Any CPU
		{47359BEF-DF46-484E-9820-7DE36493D821}.Release|x64.ActiveCfg = Release|Any CPU
		{47359BEF-DF46-484E-9820-7DE36493D821}.Release|x64.Build.0 = Release|Any CPU
		{47359BEF-DF46-484E-9820-7DE36493D821}.Release|x86.ActiveCfg = Release|Any CPU
		{47359BEF-DF46-484E-9820-7DE36493D821}.Release|x86.Build.0 = Release|Any CPU
		{603CD578-5ACB-4406-BCD7-1DDF01CB8FD0}.Debug|Any CPU.ActiveCfg = Debug|Any CPU
		{603CD578-5ACB-4406-BCD7-1DDF01CB8FD0}.Debug|Any CPU.Build.0 = Debug|Any CPU
		{603CD578-5ACB-4406-BCD7-1DDF01CB8FD0}.Debug|x64.ActiveCfg = Debug|Any CPU
		{603CD578-5ACB-4406-BCD7-1DDF01CB8FD0}.Debug|x64.Build.0 = Debug|Any CPU
		{603CD578-5ACB-4406-BCD7-1DDF01CB8FD0}.Debug|x86.ActiveCfg = Debug|Any CPU
		{603CD578-5ACB-4406-BCD7-1DDF01CB8FD0}.Debug|x86.Build.0 = Debug|Any CPU
		{603CD578-5ACB-4406-BCD7-1DDF01CB8FD0}.Release|Any CPU.ActiveCfg = Release|Any CPU
		{603CD578-5ACB-4406-BCD7-1DDF01CB8FD0}.Release|Any CPU.Build.0 = Release|Any CPU
		{603CD578-5ACB-4406-BCD7-1DDF01CB8FD0}.Release|x64.ActiveCfg = Release|Any CPU
		{603CD578-5ACB-4406-BCD7-1DDF01CB8FD0}.Release|x64.Build.0 = Release|Any CPU
		{603CD578-5ACB-4406-BCD7-1DDF01CB8FD0}.Release|x86.ActiveCfg = Release|Any CPU
		{603CD578-5ACB-4406-BCD7-1DDF01CB8FD0}.Release|x86.Build.0 = Release|Any CPU
		{6DDF5182-0D10-4C96-882A-15C0CF2146D0}.Debug|Any CPU.ActiveCfg = Debug|Any CPU
		{6DDF5182-0D10-4C96-882A-15C0CF2146D0}.Debug|Any CPU.Build.0 = Debug|Any CPU
		{6DDF5182-0D10-4C96-882A-15C0CF2146D0}.Debug|x64.ActiveCfg = Debug|Any CPU
		{6DDF5182-0D10-4C96-882A-15C0CF2146D0}.Debug|x64.Build.0 = Debug|Any CPU
		{6DDF5182-0D10-4C96-882A-15C0CF2146D0}.Debug|x86.ActiveCfg = Debug|Any CPU
		{6DDF5182-0D10-4C96-882A-15C0CF2146D0}.Debug|x86.Build.0 = Debug|Any CPU
		{6DDF5182-0D10-4C96-882A-15C0CF2146D0}.Release|Any CPU.ActiveCfg = Release|Any CPU
		{6DDF5182-0D10-4C96-882A-15C0CF2146D0}.Release|Any CPU.Build.0 = Release|Any CPU
		{6DDF5182-0D10-4C96-882A-15C0CF2146D0}.Release|x64.ActiveCfg = Release|Any CPU
		{6DDF5182-0D10-4C96-882A-15C0CF2146D0}.Release|x64.Build.0 = Release|Any CPU
		{6DDF5182-0D10-4C96-882A-15C0CF2146D0}.Release|x86.ActiveCfg = Release|Any CPU
		{6DDF5182-0D10-4C96-882A-15C0CF2146D0}.Release|x86.Build.0 = Release|Any CPU
	EndGlobalSection
	GlobalSection(SolutionProperties) = preSolution
		HideSolutionNode = FALSE
	EndGlobalSection
	GlobalSection(NestedProjects) = preSolution
		{4F3C4AE1-AFDB-44B7-8B2C-309AC880D34B} = {827E0CD3-B72D-47B6-A68D-7590B98EB39B}
		{A6697BB5-294B-4402-82E6-8C9D3455BD2B} = {827E0CD3-B72D-47B6-A68D-7590B98EB39B}
		{41717367-9774-40E0-AE3F-1AEF37473B21} = {827E0CD3-B72D-47B6-A68D-7590B98EB39B}
		{FF2AD9A8-9B7F-424D-B483-C640F202B6C9} = {827E0CD3-B72D-47B6-A68D-7590B98EB39B}
		{47359BEF-DF46-484E-9820-7DE36493D821} = {0AB3BF05-4346-4AA6-1389-037BE0695223}
		{603CD578-5ACB-4406-BCD7-1DDF01CB8FD0} = {0AB3BF05-4346-4AA6-1389-037BE0695223}
		{6DDF5182-0D10-4C96-882A-15C0CF2146D0} = {0AB3BF05-4346-4AA6-1389-037BE0695223}
	EndGlobalSection
EndGlobal
